// !$*UTF8*$!
{
	archiveVersion = 1;
	classes = {
	};
	objectVersion = 50;
	objects = {

/* Begin PBXBuildFile section */
		22ADF7BF29F4DDBA00BDD6BD /* AppDelegate.swift in Sources */ = {isa = PBXBuildFile; fileRef = 22ADF7BE29F4DDBA00BDD6BD /* AppDelegate.swift */; };
		22ADF7C129F4DDBB00BDD6BD /* Assets.xcassets in Resources */ = {isa = PBXBuildFile; fileRef = 22ADF7C029F4DDBB00BDD6BD /* Assets.xcassets */; };
		22ADF7C429F4DDBB00BDD6BD /* MainMenu.xib in Resources */ = {isa = PBXBuildFile; fileRef = 22ADF7C229F4DDBB00BDD6BD /* MainMenu.xib */; };
		22ADF7D329F4DDE500BDD6BD /* Cocoa.framework in Frameworks */ = {isa = PBXBuildFile; fileRef = 22ADF7D229F4DDE500BDD6BD /* Cocoa.framework */; };
		22ADF7D629F4DDE500BDD6BD /* SourceEditorExtension.swift in Sources */ = {isa = PBXBuildFile; fileRef = 22ADF7D529F4DDE500BDD6BD /* SourceEditorExtension.swift */; };
		22ADF7D829F4DDE500BDD6BD /* SourceEditorCommand.swift in Sources */ = {isa = PBXBuildFile; fileRef = 22ADF7D729F4DDE500BDD6BD /* SourceEditorCommand.swift */; };
		22ADF7DD29F4DDE500BDD6BD /* CommentsPluginExtension.appex in Embed App Extensions */ = {isa = PBXBuildFile; fileRef = 22ADF7D029F4DDE500BDD6BD /* CommentsPluginExtension.appex */; settings = {ATTRIBUTES = (RemoveHeadersOnCopy, ); }; };
/* End PBXBuildFile section */

/* Begin PBXContainerItemProxy section */
		22ADF7DB29F4DDE500BDD6BD /* PBXContainerItemProxy */ = {
			isa = PBXContainerItemProxy;
			containerPortal = 22ADF7B329F4DDBA00BDD6BD /* Project object */;
			proxyType = 1;
			remoteGlobalIDString = 22ADF7CF29F4DDE500BDD6BD;
			remoteInfo = CommentsPluginExtension;
		};
/* End PBXContainerItemProxy section */

/* Begin PBXCopyFilesBuildPhase section */
		22ADF7E129F4DDE500BDD6BD /* Embed App Extensions */ = {
			isa = PBXCopyFilesBuildPhase;
			buildActionMask = 2147483647;
			dstPath = "";
			dstSubfolderSpec = 13;
			files = (
				22ADF7DD29F4DDE500BDD6BD /* CommentsPluginExtension.appex in Embed App Extensions */,
			);
			name = "Embed App Extensions";
			runOnlyForDeploymentPostprocessing = 0;
		};
/* End PBXCopyFilesBuildPhase section */

/* Begin PBXFileReference section */
		22ADF7BB29F4DDBA00BDD6BD /* CommentsPlugin.app */ = {isa = PBXFileReference; explicitFileType = wrapper.application; includeInIndex = 0; path = CommentsPlugin.app; sourceTree = BUILT_PRODUCTS_DIR; };
		22ADF7BE29F4DDBA00BDD6BD /* AppDelegate.swift */ = {isa = PBXFileReference; lastKnownFileType = sourcecode.swift; path = AppDelegate.swift; sourceTree = "<group>"; };
		22ADF7C029F4DDBB00BDD6BD /* Assets.xcassets */ = {isa = PBXFileReference; lastKnownFileType = folder.assetcatalog; path = Assets.xcassets; sourceTree = "<group>"; };
		22ADF7C329F4DDBB00BDD6BD /* Base */ = {isa = PBXFileReference; lastKnownFileType = file.xib; name = Base; path = Base.lproj/MainMenu.xib; sourceTree = "<group>"; };
		22ADF7C529F4DDBB00BDD6BD /* Info.plist */ = {isa = PBXFileReference; lastKnownFileType = text.plist.xml; path = Info.plist; sourceTree = "<group>"; };
		22ADF7C629F4DDBB00BDD6BD /* CommentsPlugin.entitlements */ = {isa = PBXFileReference; lastKnownFileType = text.plist.entitlements; path = CommentsPlugin.entitlements; sourceTree = "<group>"; };
		22ADF7D029F4DDE500BDD6BD /* CommentsPluginExtension.appex */ = {isa = PBXFileReference; explicitFileType = "wrapper.app-extension"; includeInIndex = 0; path = CommentsPluginExtension.appex; sourceTree = BUILT_PRODUCTS_DIR; };
		22ADF7D229F4DDE500BDD6BD /* Cocoa.framework */ = {isa = PBXFileReference; lastKnownFileType = wrapper.framework; name = Cocoa.framework; path = System/Library/Frameworks/Cocoa.framework; sourceTree = SDKROOT; };
		22ADF7D529F4DDE500BDD6BD /* SourceEditorExtension.swift */ = {isa = PBXFileReference; lastKnownFileType = sourcecode.swift; path = SourceEditorExtension.swift; sourceTree = "<group>"; };
		22ADF7D729F4DDE500BDD6BD /* SourceEditorCommand.swift */ = {isa = PBXFileReference; lastKnownFileType = sourcecode.swift; path = SourceEditorCommand.swift; sourceTree = "<group>"; };
		22ADF7D929F4DDE500BDD6BD /* Info.plist */ = {isa = PBXFileReference; lastKnownFileType = text.plist.xml; path = Info.plist; sourceTree = "<group>"; };
		22ADF7DA29F4DDE500BDD6BD /* CommentsPluginExtension.entitlements */ = {isa = PBXFileReference; lastKnownFileType = text.plist.entitlements; path = CommentsPluginExtension.entitlements; sourceTree = "<group>"; };
/* End PBXFileReference section */

/* Begin PBXFrameworksBuildPhase section */
		22ADF7B829F4DDBA00BDD6BD /* Frameworks */ = {
			isa = PBXFrameworksBuildPhase;
			buildActionMask = 2147483647;
			files = (
			);
			runOnlyForDeploymentPostprocessing = 0;
		};
		22ADF7CD29F4DDE500BDD6BD /* Frameworks */ = {
			isa = PBXFrameworksBuildPhase;
			buildActionMask = 2147483647;
			files = (
				22ADF7D329F4DDE500BDD6BD /* Cocoa.framework in Frameworks */,
			);
			runOnlyForDeploymentPostprocessing = 0;
		};
/* End PBXFrameworksBuildPhase section */

/* Begin PBXGroup section */
		22ADF7B229F4DDBA00BDD6BD = {
			isa = PBXGroup;
			children = (
				22ADF7BD29F4DDBA00BDD6BD /* CommentsPlugin */,
				22ADF7D429F4DDE500BDD6BD /* CommentsPluginExtension */,
				22ADF7D129F4DDE500BDD6BD /* Frameworks */,
				22ADF7BC29F4DDBA00BDD6BD /* Products */,
			);
			sourceTree = "<group>";
		};
		22ADF7BC29F4DDBA00BDD6BD /* Products */ = {
			isa = PBXGroup;
			children = (
				22ADF7BB29F4DDBA00BDD6BD /* CommentsPlugin.app */,
				22ADF7D029F4DDE500BDD6BD /* CommentsPluginExtension.appex */,
			);
			name = Products;
			sourceTree = "<group>";
		};
		22ADF7BD29F4DDBA00BDD6BD /* CommentsPlugin */ = {
			isa = PBXGroup;
			children = (
				22ADF7BE29F4DDBA00BDD6BD /* AppDelegate.swift */,
				22ADF7C029F4DDBB00BDD6BD /* Assets.xcassets */,
				22ADF7C229F4DDBB00BDD6BD /* MainMenu.xib */,
				22ADF7C529F4DDBB00BDD6BD /* Info.plist */,
				22ADF7C629F4DDBB00BDD6BD /* CommentsPlugin.entitlements */,
			);
			path = CommentsPlugin;
			sourceTree = "<group>";
		};
		22ADF7D129F4DDE500BDD6BD /* Frameworks */ = {
			isa = PBXGroup;
			children = (
				22ADF7D229F4DDE500BDD6BD /* Cocoa.framework */,
			);
			name = Frameworks;
			sourceTree = "<group>";
		};
		22ADF7D429F4DDE500BDD6BD /* CommentsPluginExtension */ = {
			isa = PBXGroup;
			children = (
				22ADF7D529F4DDE500BDD6BD /* SourceEditorExtension.swift */,
				22ADF7D729F4DDE500BDD6BD /* SourceEditorCommand.swift */,
				22ADF7D929F4DDE500BDD6BD /* Info.plist */,
				22ADF7DA29F4DDE500BDD6BD /* CommentsPluginExtension.entitlements */,
			);
			path = CommentsPluginExtension;
			sourceTree = "<group>";
		};
/* End PBXGroup section */

/* Begin PBXNativeTarget section */
		22ADF7BA29F4DDBA00BDD6BD /* CommentsPlugin */ = {
			isa = PBXNativeTarget;
			buildConfigurationList = 22ADF7C929F4DDBB00BDD6BD /* Build configuration list for PBXNativeTarget "CommentsPlugin" */;
			buildPhases = (
				22ADF7B729F4DDBA00BDD6BD /* Sources */,
				22ADF7B829F4DDBA00BDD6BD /* Frameworks */,
				22ADF7B929F4DDBA00BDD6BD /* Resources */,
				22ADF7E129F4DDE500BDD6BD /* Embed App Extensions */,
			);
			buildRules = (
			);
			dependencies = (
				22ADF7DC29F4DDE500BDD6BD /* PBXTargetDependency */,
			);
			name = CommentsPlugin;
			productName = CommentsPlugin;
			productReference = 22ADF7BB29F4DDBA00BDD6BD /* CommentsPlugin.app */;
			productType = "com.apple.product-type.application";
		};
		22ADF7CF29F4DDE500BDD6BD /* CommentsPluginExtension */ = {
			isa = PBXNativeTarget;
			buildConfigurationList = 22ADF7DE29F4DDE500BDD6BD /* Build configuration list for PBXNativeTarget "CommentsPluginExtension" */;
			buildPhases = (
				22ADF7CC29F4DDE500BDD6BD /* Sources */,
				22ADF7CD29F4DDE500BDD6BD /* Frameworks */,
				22ADF7CE29F4DDE500BDD6BD /* Resources */,
			);
			buildRules = (
			);
			dependencies = (
			);
			name = CommentsPluginExtension;
			productName = CommentsPluginExtension;
			productReference = 22ADF7D029F4DDE500BDD6BD /* CommentsPluginExtension.appex */;
			productType = "com.apple.product-type.xcode-extension";
		};
/* End PBXNativeTarget section */

/* Begin PBXProject section */
		22ADF7B329F4DDBA00BDD6BD /* Project object */ = {
			isa = PBXProject;
			attributes = {
				LastSwiftUpdateCheck = 1130;
				LastUpgradeCheck = 1130;
				ORGANIZATIONNAME = "CHUNQIAN SHEN";
				TargetAttributes = {
					22ADF7BA29F4DDBA00BDD6BD = {
						CreatedOnToolsVersion = 11.3.1;
					};
					22ADF7CF29F4DDE500BDD6BD = {
						CreatedOnToolsVersion = 11.3.1;
					};
				};
			};
			buildConfigurationList = 22ADF7B629F4DDBA00BDD6BD /* Build configuration list for PBXProject "CommentsPlugin" */;
			compatibilityVersion = "Xcode 9.3";
			developmentRegion = en;
			hasScannedForEncodings = 0;
			knownRegions = (
				en,
				Base,
			);
			mainGroup = 22ADF7B229F4DDBA00BDD6BD;
			productRefGroup = 22ADF7BC29F4DDBA00BDD6BD /* Products */;
			projectDirPath = "";
			projectRoot = "";
			targets = (
				22ADF7BA29F4DDBA00BDD6BD /* CommentsPlugin */,
				22ADF7CF29F4DDE500BDD6BD /* CommentsPluginExtension */,
			);
		};
/* End PBXProject section */

/* Begin PBXResourcesBuildPhase section */
		22ADF7B929F4DDBA00BDD6BD /* Resources */ = {
			isa = PBXResourcesBuildPhase;
			buildActionMask = 2147483647;
			files = (
				22ADF7C129F4DDBB00BDD6BD /* Assets.xcassets in Resources */,
				22ADF7C429F4DDBB00BDD6BD /* MainMenu.xib in Resources */,
			);
			runOnlyForDeploymentPostprocessing = 0;
		};
		22ADF7CE29F4DDE500BDD6BD /* Resources */ = {
			isa = PBXResourcesBuildPhase;
			buildActionMask = 2147483647;
			files = (
			);
			runOnlyForDeploymentPostprocessing = 0;
		};
/* End PBXResourcesBuildPhase section */

/* Begin PBXSourcesBuildPhase section */
		22ADF7B729F4DDBA00BDD6BD /* Sources */ = {
			isa = PBXSourcesBuildPhase;
			buildActionMask = 2147483647;
			files = (
				22ADF7BF29F4DDBA00BDD6BD /* AppDelegate.swift in Sources */,
			);
			runOnlyForDeploymentPostprocessing = 0;
		};
		22ADF7CC29F4DDE500BDD6BD /* Sources */ = {
			isa = PBXSourcesBuildPhase;
			buildActionMask = 2147483647;
			files = (
				22ADF7D629F4DDE500BDD6BD /* SourceEditorExtension.swift in Sources */,
				22ADF7D829F4DDE500BDD6BD /* SourceEditorCommand.swift in Sources */,
			);
			runOnlyForDeploymentPostprocessing = 0;
		};
/* End PBXSourcesBuildPhase section */

/* Begin PBXTargetDependency section */
		22ADF7DC29F4DDE500BDD6BD /* PBXTargetDependency */ = {
			isa = PBXTargetDependency;
			target = 22ADF7CF29F4DDE500BDD6BD /* CommentsPluginExtension */;
			targetProxy = 22ADF7DB29F4DDE500BDD6BD /* PBXContainerItemProxy */;
		};
/* End PBXTargetDependency section */

/* Begin PBXVariantGroup section */
		22ADF7C229F4DDBB00BDD6BD /* MainMenu.xib */ = {
			isa = PBXVariantGroup;
			children = (
				22ADF7C329F4DDBB00BDD6BD /* Base */,
			);
			name = MainMenu.xib;
			sourceTree = "<group>";
		};
/* End PBXVariantGroup section */

/* Begin XCBuildConfiguration section */
		22ADF7C729F4DDBB00BDD6BD /* Debug */ = {
			isa = XCBuildConfiguration;
			buildSettings = {
				ALWAYS_SEARCH_USER_PATHS = NO;
				CLANG_ANALYZER_NONNULL = YES;
				CLANG_ANALYZER_NUMBER_OBJECT_CONVERSION = YES_AGGRESSIVE;
				CLANG_CXX_LANGUAGE_STANDARD = "gnu++14";
				CLANG_CXX_LIBRARY = "libc++";
				CLANG_ENABLE_MODULES = YES;
				CLANG_ENABLE_OBJC_ARC = YES;
				CLANG_ENABLE_OBJC_WEAK = YES;
				CLANG_WARN_BLOCK_CAPTURE_AUTORELEASING = YES;
				CLANG_WARN_BOOL_CONVERSION = YES;
				CLANG_WARN_COMMA = YES;
				CLANG_WARN_CONSTANT_CONVERSION = YES;
				CLANG_WARN_DEPRECATED_OBJC_IMPLEMENTATIONS = YES;
				CLANG_WARN_DIRECT_OBJC_ISA_USAGE = YES_ERROR;
				CLANG_WARN_DOCUMENTATION_COMMENTS = YES;
				CLANG_WARN_EMPTY_BODY = YES;
				CLANG_WARN_ENUM_CONVERSION = YES;
				CLANG_WARN_INFINITE_RECURSION = YES;
				CLANG_WARN_INT_CONVERSION = YES;
				CLANG_WARN_NON_LITERAL_NULL_CONVERSION = YES;
				CLANG_WARN_OBJC_IMPLICIT_RETAIN_SELF = YES;
				CLANG_WARN_OBJC_LITERAL_CONVERSION = YES;
				CLANG_WARN_OBJC_ROOT_CLASS = YES_ERROR;
				CLANG_WARN_RANGE_LOOP_ANALYSIS = YES;
				CLANG_WARN_STRICT_PROTOTYPES = YES;
				CLANG_WARN_SUSPICIOUS_MOVE = YES;
				CLANG_WARN_UNGUARDED_AVAILABILITY = YES_AGGRESSIVE;
				CLANG_WARN_UNREACHABLE_CODE = YES;
				CLANG_WARN__DUPLICATE_METHOD_MATCH = YES;
				COPY_PHASE_STRIP = NO;
				DEBUG_INFORMATION_FORMAT = dwarf;
				ENABLE_STRICT_OBJC_MSGSEND = YES;
				ENABLE_TESTABILITY = YES;
				GCC_C_LANGUAGE_STANDARD = gnu11;
				GCC_DYNAMIC_NO_PIC = NO;
				GCC_NO_COMMON_BLOCKS = YES;
				GCC_OPTIMIZATION_LEVEL = 0;
				GCC_PREPROCESSOR_DEFINITIONS = (
					"DEBUG=1",
					"$(inherited)",
				);
				GCC_WARN_64_TO_32_BIT_CONVERSION = YES;
				GCC_WARN_ABOUT_RETURN_TYPE = YES_ERROR;
				GCC_WARN_UNDECLARED_SELECTOR = YES;
				GCC_WARN_UNINITIALIZED_AUTOS = YES_AGGRESSIVE;
				GCC_WARN_UNUSED_FUNCTION = YES;
				GCC_WARN_UNUSED_VARIABLE = YES;
				MACOSX_DEPLOYMENT_TARGET = 10.14;
				MTL_ENABLE_DEBUG_INFO = INCLUDE_SOURCE;
				MTL_FAST_MATH = YES;
				ONLY_ACTIVE_ARCH = YES;
				SDKROOT = macosx;
				SWIFT_ACTIVE_COMPILATION_CONDITIONS = DEBUG;
				SWIFT_OPTIMIZATION_LEVEL = "-Onone";
			};
			name = Debug;
		};
		22ADF7C829F4DDBB00BDD6BD /* Release */ = {
			isa = XCBuildConfiguration;
			buildSettings = {
				ALWAYS_SEARCH_USER_PATHS = NO;
				CLANG_ANALYZER_NONNULL = YES;
				CLANG_ANALYZER_NUMBER_OBJECT_CONVERSION = YES_AGGRESSIVE;
				CLANG_CXX_LANGUAGE_STANDARD = "gnu++14";
				CLANG_CXX_LIBRARY = "libc++";
				CLANG_ENABLE_MODULES = YES;
				CLANG_ENABLE_OBJC_ARC = YES;
				CLANG_ENABLE_OBJC_WEAK = YES;
				CLANG_WARN_BLOCK_CAPTURE_AUTORELEASING = YES;
				CLANG_WARN_BOOL_CONVERSION = YES;
				CLANG_WARN_COMMA = YES;
				CLANG_WARN_CONSTANT_CONVERSION = YES;
				CLANG_WARN_DEPRECATED_OBJC_IMPLEMENTATIONS = YES;
				CLANG_WARN_DIRECT_OBJC_ISA_USAGE = YES_ERROR;
				CLANG_WARN_DOCUMENTATION_COMMENTS = YES;
				CLANG_WARN_EMPTY_BODY = YES;
				CLANG_WARN_ENUM_CONVERSION = YES;
				CLANG_WARN_INFINITE_RECURSION = YES;
				CLANG_WARN_INT_CONVERSION = YES;
				CLANG_WARN_NON_LITERAL_NULL_CONVERSION = YES;
				CLANG_WARN_OBJC_IMPLICIT_RETAIN_SELF = YES;
				CLANG_WARN_OBJC_LITERAL_CONVERSION = YES;
				CLANG_WARN_OBJC_ROOT_CLASS = YES_ERROR;
				CLANG_WARN_RANGE_LOOP_ANALYSIS = YES;
				CLANG_WARN_STRICT_PROTOTYPES = YES;
				CLANG_WARN_SUSPICIOUS_MOVE = YES;
				CLANG_WARN_UNGUARDED_AVAILABILITY = YES_AGGRESSIVE;
				CLANG_WARN_UNREACHABLE_CODE = YES;
				CLANG_WARN__DUPLICATE_METHOD_MATCH = YES;
				COPY_PHASE_STRIP = NO;
				DEBUG_INFORMATION_FORMAT = "dwarf-with-dsym";
				ENABLE_NS_ASSERTIONS = NO;
				ENABLE_STRICT_OBJC_MSGSEND = YES;
				GCC_C_LANGUAGE_STANDARD = gnu11;
				GCC_NO_COMMON_BLOCKS = YES;
				GCC_WARN_64_TO_32_BIT_CONVERSION = YES;
				GCC_WARN_ABOUT_RETURN_TYPE = YES_ERROR;
				GCC_WARN_UNDECLARED_SELECTOR = YES;
				GCC_WARN_UNINITIALIZED_AUTOS = YES_AGGRESSIVE;
				GCC_WARN_UNUSED_FUNCTION = YES;
				GCC_WARN_UNUSED_VARIABLE = YES;
				MACOSX_DEPLOYMENT_TARGET = 10.14;
				MTL_ENABLE_DEBUG_INFO = NO;
				MTL_FAST_MATH = YES;
				SDKROOT = macosx;
				SWIFT_COMPILATION_MODE = wholemodule;
				SWIFT_OPTIMIZATION_LEVEL = "-O";
			};
			name = Release;
		};
		22ADF7CA29F4DDBB00BDD6BD /* Debug */ = {
			isa = XCBuildConfiguration;
			buildSettings = {
				ALWAYS_EMBED_SWIFT_STANDARD_LIBRARIES = YES;
				ASSETCATALOG_COMPILER_APPICON_NAME = AppIcon;
				CODE_SIGN_ENTITLEMENTS = CommentsPlugin/CommentsPlugin.entitlements;
				CODE_SIGN_STYLE = Automatic;
				COMBINE_HIDPI_IMAGES = YES;
				DEVELOPMENT_TEAM = V5Q9RCDP94;
				ENABLE_HARDENED_RUNTIME = YES;
				INFOPLIST_FILE = CommentsPlugin/Info.plist;
				LD_RUNPATH_SEARCH_PATHS = (
					"$(inherited)",
					"@executable_path/../Frameworks",
				);
				PRODUCT_BUNDLE_IDENTIFIER = com.chunqian.CommentsPlugin;
				PRODUCT_NAME = "$(TARGET_NAME)";
				SWIFT_VERSION = 5.0;
			};
			name = Debug;
		};
		22ADF7CB29F4DDBB00BDD6BD /* Release */ = {
			isa = XCBuildConfiguration;
			buildSettings = {
				ALWAYS_EMBED_SWIFT_STANDARD_LIBRARIES = YES;
				ASSETCATALOG_COMPILER_APPICON_NAME = AppIcon;
				CODE_SIGN_ENTITLEMENTS = CommentsPlugin/CommentsPlugin.entitlements;
				CODE_SIGN_STYLE = Automatic;
				COMBINE_HIDPI_IMAGES = YES;
				DEVELOPMENT_TEAM = V5Q9RCDP94;
				ENABLE_HARDENED_RUNTIME = YES;
				INFOPLIST_FILE = CommentsPlugin/Info.plist;
				LD_RUNPATH_SEARCH_PATHS = (
					"$(inherited)",
					"@executable_path/../Frameworks",
				);
				PRODUCT_BUNDLE_IDENTIFIER = com.chunqian.CommentsPlugin;
				PRODUCT_NAME = "$(TARGET_NAME)";
				SWIFT_VERSION = 5.0;
			};
			name = Release;
		};
		22ADF7DF29F4DDE500BDD6BD /* Debug */ = {
			isa = XCBuildConfiguration;
			buildSettings = {
				CODE_SIGN_ENTITLEMENTS = CommentsPluginExtension/CommentsPluginExtension.entitlements;
				CODE_SIGN_STYLE = Automatic;
				COMBINE_HIDPI_IMAGES = YES;
				DEVELOPMENT_TEAM = V5Q9RCDP94;
				ENABLE_HARDENED_RUNTIME = YES;
				INFOPLIST_FILE = CommentsPluginExtension/Info.plist;
				LD_RUNPATH_SEARCH_PATHS = (
					"$(inherited)",
					"@executable_path/../Frameworks",
					"@executable_path/../../../../Frameworks",
				);
				PRODUCT_BUNDLE_IDENTIFIER = com.chunqian.CommentsPlugin.CommentsPluginExtension;
				PRODUCT_NAME = "$(TARGET_NAME)";
				SKIP_INSTALL = YES;
				SWIFT_VERSION = 5.0;
			};
			name = Debug;
		};
		22ADF7E029F4DDE500BDD6BD /* Release */ = {
			isa = XCBuildConfiguration;
			buildSettings = {
				CODE_SIGN_ENTITLEMENTS = CommentsPluginExtension/CommentsPluginExtension.entitlements;
				CODE_SIGN_STYLE = Automatic;
				COMBINE_HIDPI_IMAGES = YES;
				DEVELOPMENT_TEAM = V5Q9RCDP94;
				ENABLE_HARDENED_RUNTIME = YES;
				INFOPLIST_FILE = CommentsPluginExtension/Info.plist;
				LD_RUNPATH_SEARCH_PATHS = (
					"$(inherited)",
					"@executable_path/../Frameworks",
					"@executable_path/../../../../Frameworks",
				);
				PRODUCT_BUNDLE_IDENTIFIER = com.chunqian.CommentsPlugin.CommentsPluginExtension;
				PRODUCT_NAME = "$(TARGET_NAME)";
				SKIP_INSTALL = YES;
				SWIFT_VERSION = 5.0;
			};
			name = Release;
		};
/* End XCBuildConfiguration section */

/* Begin XCConfigurationList section */
		22ADF7B629F4DDBA00BDD6BD /* Build configuration list for PBXProject "CommentsPlugin" */ = {
			isa = XCConfigurationList;
			buildConfigurations = (
				22ADF7C729F4DDBB00BDD6BD /* Debug */,
				22ADF7C829F4DDBB00BDD6BD /* Release */,
			);
			defaultConfigurationIsVisible = 0;
			defaultConfigurationName = Release;
		};
		22ADF7C929F4DDBB00BDD6BD /* Build configuration list for PBXNativeTarget "CommentsPlugin" */ = {
			isa = XCConfigurationList;
			buildConfigurations = (
				22ADF7CA29F4DDBB00BDD6BD /* Debug */,
				22ADF7CB29F4DDBB00BDD6BD /* Release */,
			);
			defaultConfigurationIsVisible = 0;
			defaultConfigurationName = Release;
		};
		22ADF7DE29F4DDE500BDD6BD /* Build configuration list for PBXNativeTarget "CommentsPluginExtension" */ = {
			isa = XCConfigurationList;
			buildConfigurations = (
				22ADF7DF29F4DDE500BDD6BD /* Debug */,
				22ADF7E029F4DDE500BDD6BD /* Release */,
			);
			defaultConfigurationIsVisible = 0;
			defaultConfigurationName = Release;
		};
/* End XCConfigurationList section */
	};
	rootObject = 22ADF7B329F4DDBA00BDD6BD /* Project object */;
}
